
Microsoft Visual Studio Solution File, Format Version 12.00
# Visual Studio Version 17
VisualStudioVersion = 17.0.31903.59
MinimumVisualStudioVersion = 10.0.40219.1
Project("{FAE04EC0-301F-11D3-BF4B-00C04F79EFBC}") = "OcppServer", "OcppServer\OcppServer.csproj", "{1C701F68-89A8-49B8-8D27-2813EE861A1E}"
EndProject
Project("{FAE04EC0-301F-11D3-BF4B-00C04F79EFBC}") = "Test", "Test\Test.csproj", "{554F44F4-C8B9-4978-903F-97F03EFB8318}"
EndProject
Global
	GlobalSection(SolutionConfigurationPlatforms) = preSolution
		Debug|Any CPU = Debug|Any CPU
		Release|Any CPU = Release|Any CPU
	EndGlobalSection
	GlobalSection(SolutionProperties) = preSolution
		HideSolutionNode = FALSE
	EndGlobalSection
	GlobalSection(ProjectConfigurationPlatforms) = postSolution
		{1C701F68-89A8-49B8-8D27-2813EE861A1E}.Debug|Any CPU.ActiveCfg = Debug|Any CPU
		{1C701F68-89A8-49B8-8D27-2813EE861A1E}.Debug|Any CPU.Build.0 = Debug|Any CPU
		{1C701F68-89A8-49B8-8D27-2813EE861A1E}.Release|Any CPU.ActiveCfg = Release|Any CPU
		{1C701F68-89A8-49B8-8D27-2813EE861A1E}.Release|Any CPU.Build.0 = Release|Any CPU
		{554F44F4-C8B9-4978-903F-97F03EFB8318}.Debug|Any CPU.ActiveCfg = Debug|Any CPU
		{554F44F4-C8B9-4978-903F-97F03EFB8318}.Debug|Any CPU.Build.0 = Debug|Any CPU
		{554F44F4-C8B9-4978-903F-97F03EFB8318}.Release|Any CPU.ActiveCfg = Release|Any CPU
		{554F44F4-C8B9-4978-903F-97F03EFB8318}.Release|Any CPU.Build.0 = Release|Any CPU
	EndGlobalSection
EndGlobal
